
Microsoft Visual Studio Solution File, Format Version 12.00
# Visual Studio 15
VisualStudioVersion = 15.0.28307.757
MinimumVisualStudioVersion = 10.0.40219.1
Project("{8BC9CEB8-8B4A-11D0-8D11-00A0C91BC942}") = "Assignment_4", "Assignment_4\Assignment_4.vcxproj", "{61855F60-3138-414C-94D4-A66587F38DED}"
EndProject
Global
	GlobalSection(SolutionConfigurationPlatforms) = preSolution
		Debug|x64 = Debug|x64
		Debug|x86 = Debug|x86
		Release|x64 = Release|x64
		Release|x86 = Release|x86
	EndGlobalSection
	GlobalSection(ProjectConfigurationPlatforms) = postSolution
		{61855F60-3138-414C-94D4-A66587F38DED}.Debug|x64.ActiveCfg = Debug|x64
		{61855F60-3138-414C-94D4-A66587F38DED}.Debug|x64.Build.0 = Debug|x64
		{61855F60-3138-414C-94D4-A66587F38DED}.Debug|x86.ActiveCfg = Debug|Win32
		{61855F60-3138-414C-94D4-A66587F38DED}.Debug|x86.Build.0 = Debug|Win32
		{61855F60-3138-414C-94D4-A66587F38DED}.Release|x64.ActiveCfg = Release|x64
		{61855F60-3138-414C-94D4-A66587F38DED}.Release|x64.Build.0 = Release|x64
		{61855F60-3138-414C-94D4-A66587F38DED}.Release|x86.ActiveCfg = Release|Win32
		{61855F60-3138-414C-94D4-A66587F38DED}.Release|x86.Build.0 = Release|Win32
	EndGlobalSection
	GlobalSection(SolutionProperties) = preSolution
		HideSolutionNode = FALSE
	EndGlobalSection
	GlobalSection(ExtensibilityGlobals) = postSolution
		SolutionGuid = {F31F4978-4360-416F-A6DE-0CE6522CB323}
	EndGlobalSection
EndGlobal
