
Microsoft Visual Studio Solution File, Format Version 12.00
# Visual Studio 15
VisualStudioVersion = 15.0.28307.757
MinimumVisualStudioVersion = 10.0.40219.1
Project("{8BC9CEB8-8B4A-11D0-8D11-00A0C91BC942}") = "09-MultiThreading", "09-MultiThreading\09-MultiThreading.vcxproj", "{1ADB36E4-AF54-4AC9-A4BC-6E8099C9B9EF}"
EndProject
Global
	GlobalSection(SolutionConfigurationPlatforms) = preSolution
		Debug|x64 = Debug|x64
		Debug|x86 = Debug|x86
		Release|x64 = Release|x64
		Release|x86 = Release|x86
	EndGlobalSection
	GlobalSection(ProjectConfigurationPlatforms) = postSolution
		{1ADB36E4-AF54-4AC9-A4BC-6E8099C9B9EF}.Debug|x64.ActiveCfg = Debug|Win32
		{1ADB36E4-AF54-4AC9-A4BC-6E8099C9B9EF}.Debug|x64.Build.0 = Debug|Win32
		{1ADB36E4-AF54-4AC9-A4BC-6E8099C9B9EF}.Debug|x86.ActiveCfg = Debug|x64
		{1ADB36E4-AF54-4AC9-A4BC-6E8099C9B9EF}.Debug|x86.Build.0 = Debug|x64
		{1ADB36E4-AF54-4AC9-A4BC-6E8099C9B9EF}.Release|x64.ActiveCfg = Release|x64
		{1ADB36E4-AF54-4AC9-A4BC-6E8099C9B9EF}.Release|x64.Build.0 = Release|x64
		{1ADB36E4-AF54-4AC9-A4BC-6E8099C9B9EF}.Release|x86.ActiveCfg = Release|Win32
		{1ADB36E4-AF54-4AC9-A4BC-6E8099C9B9EF}.Release|x86.Build.0 = Release|Win32
	EndGlobalSection
	GlobalSection(SolutionProperties) = preSolution
		HideSolutionNode = FALSE
	EndGlobalSection
	GlobalSection(ExtensibilityGlobals) = postSolution
		SolutionGuid = {ACDA560B-E41D-4D6D-983A-D6997409D51E}
	EndGlobalSection
EndGlobal
