
Microsoft Visual Studio Solution File, Format Version 12.00
# Visual Studio 15
VisualStudioVersion = 15.0.28307.757
MinimumVisualStudioVersion = 10.0.40219.1
Project("{8BC9CEB8-8B4A-11D0-8D11-00A0C91BC942}") = "MyWindow", "MyWindow\MyWindow.vcxproj", "{644B9A30-0E8F-442F-961A-F88DBE9188BD}"
EndProject
Global
	GlobalSection(SolutionConfigurationPlatforms) = preSolution
		Debug|x64 = Debug|x64
		Debug|x86 = Debug|x86
		Release|x64 = Release|x64
		Release|x86 = Release|x86
	EndGlobalSection
	GlobalSection(ProjectConfigurationPlatforms) = postSolution
		{644B9A30-0E8F-442F-961A-F88DBE9188BD}.Debug|x64.ActiveCfg = Debug|x64
		{644B9A30-0E8F-442F-961A-F88DBE9188BD}.Debug|x64.Build.0 = Debug|x64
		{644B9A30-0E8F-442F-961A-F88DBE9188BD}.Debug|x86.ActiveCfg = Debug|Win32
		{644B9A30-0E8F-442F-961A-F88DBE9188BD}.Debug|x86.Build.0 = Debug|Win32
		{644B9A30-0E8F-442F-961A-F88DBE9188BD}.Release|x64.ActiveCfg = Release|x64
		{644B9A30-0E8F-442F-961A-F88DBE9188BD}.Release|x64.Build.0 = Release|x64
		{644B9A30-0E8F-442F-961A-F88DBE9188BD}.Release|x86.ActiveCfg = Release|Win32
		{644B9A30-0E8F-442F-961A-F88DBE9188BD}.Release|x86.Build.0 = Release|Win32
	EndGlobalSection
	GlobalSection(SolutionProperties) = preSolution
		HideSolutionNode = FALSE
	EndGlobalSection
	GlobalSection(ExtensibilityGlobals) = postSolution
		SolutionGuid = {95763B30-73AA-445B-81BD-FC4C9152278D}
	EndGlobalSection
EndGlobal
