
Microsoft Visual Studio Solution File, Format Version 12.00
# Visual Studio 15
VisualStudioVersion = 15.0.28307.852
MinimumVisualStudioVersion = 10.0.40219.1
Project("{8BC9CEB8-8B4A-11D0-8D11-00A0C91BC942}") = "ContainmentInnerComponent", "ContainmentInnerComponent\ContainmentInnerComponent.vcxproj", "{3AA0B5FE-39B8-42E4-8DB1-E8AD7FF2DA34}"
EndProject
Global
	GlobalSection(SolutionConfigurationPlatforms) = preSolution
		Debug|x64 = Debug|x64
		Debug|x86 = Debug|x86
		Release|x64 = Release|x64
		Release|x86 = Release|x86
	EndGlobalSection
	GlobalSection(ProjectConfigurationPlatforms) = postSolution
		{3AA0B5FE-39B8-42E4-8DB1-E8AD7FF2DA34}.Debug|x64.ActiveCfg = Debug|x64
		{3AA0B5FE-39B8-42E4-8DB1-E8AD7FF2DA34}.Debug|x64.Build.0 = Debug|x64
		{3AA0B5FE-39B8-42E4-8DB1-E8AD7FF2DA34}.Debug|x86.ActiveCfg = Debug|Win32
		{3AA0B5FE-39B8-42E4-8DB1-E8AD7FF2DA34}.Debug|x86.Build.0 = Debug|Win32
		{3AA0B5FE-39B8-42E4-8DB1-E8AD7FF2DA34}.Release|x64.ActiveCfg = Release|x64
		{3AA0B5FE-39B8-42E4-8DB1-E8AD7FF2DA34}.Release|x64.Build.0 = Release|x64
		{3AA0B5FE-39B8-42E4-8DB1-E8AD7FF2DA34}.Release|x86.ActiveCfg = Release|Win32
		{3AA0B5FE-39B8-42E4-8DB1-E8AD7FF2DA34}.Release|x86.Build.0 = Release|Win32
	EndGlobalSection
	GlobalSection(SolutionProperties) = preSolution
		HideSolutionNode = FALSE
	EndGlobalSection
	GlobalSection(ExtensibilityGlobals) = postSolution
		SolutionGuid = {B64A7FF4-35C3-4020-81E4-232C608B1556}
	EndGlobalSection
EndGlobal
