
Microsoft Visual Studio Solution File, Format Version 12.00
# Visual Studio 15
VisualStudioVersion = 15.0.28307.757
MinimumVisualStudioVersion = 10.0.40219.1
Project("{8BC9CEB8-8B4A-11D0-8D11-00A0C91BC942}") = "MyWindow", "MyWindow\MyWindow.vcxproj", "{4AE39C1A-28C7-406B-9D19-E528C207814F}"
EndProject
Global
	GlobalSection(SolutionConfigurationPlatforms) = preSolution
		Debug|x64 = Debug|x64
		Debug|x86 = Debug|x86
		Release|x64 = Release|x64
		Release|x86 = Release|x86
	EndGlobalSection
	GlobalSection(ProjectConfigurationPlatforms) = postSolution
		{4AE39C1A-28C7-406B-9D19-E528C207814F}.Debug|x64.ActiveCfg = Debug|x64
		{4AE39C1A-28C7-406B-9D19-E528C207814F}.Debug|x64.Build.0 = Debug|x64
		{4AE39C1A-28C7-406B-9D19-E528C207814F}.Debug|x86.ActiveCfg = Debug|Win32
		{4AE39C1A-28C7-406B-9D19-E528C207814F}.Debug|x86.Build.0 = Debug|Win32
		{4AE39C1A-28C7-406B-9D19-E528C207814F}.Release|x64.ActiveCfg = Release|x64
		{4AE39C1A-28C7-406B-9D19-E528C207814F}.Release|x64.Build.0 = Release|x64
		{4AE39C1A-28C7-406B-9D19-E528C207814F}.Release|x86.ActiveCfg = Release|Win32
		{4AE39C1A-28C7-406B-9D19-E528C207814F}.Release|x86.Build.0 = Release|Win32
	EndGlobalSection
	GlobalSection(SolutionProperties) = preSolution
		HideSolutionNode = FALSE
	EndGlobalSection
	GlobalSection(ExtensibilityGlobals) = postSolution
		SolutionGuid = {206F66DD-958E-458C-AC3E-B8CF14A3DD05}
	EndGlobalSection
EndGlobal
